<?xml version="1.0" encoding="utf-8"?>
<Project ToolsVersion="4.0" xmlns="http://schemas.microsoft.com/developer/msbuild/2003">
  <ItemGroup>
    <Filter Include="Source Files">
      <UniqueIdentifier>{4FC737F1-C7A5-4376-A066-2A32D752A2FF}</UniqueIdentifier>
      <Extensions>cpp;c;cc;cxx;def;odl;idl;hpj;bat;asm;asmx</Extensions>
    </Filter>
    <Filter Include="Header Files">
      <UniqueIdentifier>{93995380-89BD-4b04-88EB-625FBE52EBFB}</UniqueIdentifier>
      <Extensions>h;hh;hpp;hxx;hm;inl;inc;xsd</Extensions>
    </Filter>
    <Filter Include="Resource Files">
      <UniqueIdentifier>{67DA6AB6-F800-4c08-8B7A-83BB121AAD01}</UniqueIdentifier>
      <Extensions>rc;ico;cur;bmp;dlg;rc2;rct;bin;rgs;gif;jpg;jpeg;jpe;resx;tiff;tif;png;wav;mfcribbon-ms</Extensions>
    </Filter>
    <Filter Include="Source Files\engine">
      <UniqueIdentifier>{a6c11be8-b874-476a-aa43-a516c9f210b0}</UniqueIdentifier>
    </Filter>
    <Filter Include="Resource Files\shaders">
      <UniqueIdentifier>{2ac62862-4dcb-42cb-baa2-28aa556ad0e5}</UniqueIdentifier>
    </Filter>
  </ItemGroup>
  <ItemGroup>
    <ClCompile Include="main.cpp">
      <Filter>Source Files</Filter>
    </ClCompile>
    <ClCompile Include="Core.cpp">
      <Filter>Source Files\engine</Filter>
    </ClCompile>
    <ClCompile Include="WindowEngine.cpp">
      <Filter>Source Files\engine</Filter>
    </ClCompile>
    <ClCompile Include="VulkanInstanceEngine.cpp">
      <Filter>Source Files\engine</Filter>
    </ClCompile>
    <ClCompile Include="VulkanDebugCallbackEngine.cpp">
      <Filter>Source Files\engine</Filter>
    </ClCompile>
    <ClCompile Include="VulkanDeviceEngine.cpp">
      <Filter>Source Files\engine</Filter>
    </ClCompile>
    <ClCompile Include="VulkanSwapChainEngine.cpp">
      <Filter>Source Files\engine</Filter>
    </ClCompile>
    <ClCompile Include="VulkanGraphicPipelineEngine.cpp">
      <Filter>Source Files\engine</Filter>
    </ClCompile>
    <ClCompile Include="FileStreamEngine.cpp">
      <Filter>Source Files\engine</Filter>
    </ClCompile>
  </ItemGroup>
  <ItemGroup>
    <ClInclude Include="Core.h">
      <Filter>Header Files</Filter>
    </ClInclude>
    <ClInclude Include="CommonHeaders.h">
      <Filter>Header Files</Filter>
    </ClInclude>
    <ClInclude Include="BaseEngine.h">
      <Filter>Header Files</Filter>
    </ClInclude>
    <ClInclude Include="WindowEngine.h">
      <Filter>Header Files</Filter>
    </ClInclude>
    <ClInclude Include="VulkanInstanceEngine.h">
      <Filter>Header Files</Filter>
    </ClInclude>
    <ClInclude Include="VulkanDebugCallbackEngine.h">
      <Filter>Header Files</Filter>
    </ClInclude>
    <ClInclude Include="VulkanDeviceEngine.h">
      <Filter>Header Files</Filter>
    </ClInclude>
    <ClInclude Include="VulkanSwapChainEngine.h">
      <Filter>Header Files</Filter>
    </ClInclude>
    <ClInclude Include="VulkanGraphicPipelineEngine.h">
      <Filter>Header Files</Filter>
    </ClInclude>
    <ClInclude Include="FileStreamEngine.h">
      <Filter>Header Files</Filter>
    </ClInclude>
  </ItemGroup>
  <ItemGroup>
    <None Include="shaders\compile.bat">
      <Filter>Resource Files\shaders</Filter>
    </None>
    <None Include="shaders\shader.frag">
      <Filter>Resource Files\shaders</Filter>
    </None>
    <None Include="shaders\shader.vert">
      <Filter>Resource Files\shaders</Filter>
    </None>
  </ItemGroup>
</Project>